
Microsoft Visual Studio Solution File, Format Version 12.00
# Visual Studio 15
VisualStudioVersion = 15.0.28010.2041
MinimumVisualStudioVersion = 10.0.40219.1
Project("{FAE04EC0-301F-11D3-BF4B-00C04F79EFBC}") = "NapierBank", "NapierBank\NapierBank.csproj", "{8DDFA6F7-9FAB-45A4-A7B2-98C299A1B035}"
EndProject
Global
	GlobalSection(SolutionConfigurationPlatforms) = preSolution
		Debug|Any CPU = Debug|Any CPU
		Release|Any CPU = Release|Any CPU
	EndGlobalSection
	GlobalSection(ProjectConfigurationPlatforms) = postSolution
		{8DDFA6F7-9FAB-45A4-A7B2-98C299A1B035}.Debug|Any CPU.ActiveCfg = Debug|Any CPU
		{8DDFA6F7-9FAB-45A4-A7B2-98C299A1B035}.Debug|Any CPU.Build.0 = Debug|Any CPU
		{8DDFA6F7-9FAB-45A4-A7B2-98C299A1B035}.Release|Any CPU.ActiveCfg = Release|Any CPU
		{8DDFA6F7-9FAB-45A4-A7B2-98C299A1B035}.Release|Any CPU.Build.0 = Release|Any CPU
	EndGlobalSection
	GlobalSection(SolutionProperties) = preSolution
		HideSolutionNode = FALSE
	EndGlobalSection
	GlobalSection(ExtensibilityGlobals) = postSolution
		SolutionGuid = {691325B3-79B1-485C-B196-A5F356C0F81E}
	EndGlobalSection
EndGlobal
